
Microsoft Visual Studio Solution File, Format Version 12.00
Project("{FAE04EC0-301F-11D3-BF4B-00C04F79EFBC}") = "TESTETESTANDO", "TESTETESTANDO\TESTETESTANDO.csproj", "{23A3DE38-0A87-4380-967A-6B6573347960}"
EndProject
Global
	GlobalSection(SolutionConfigurationPlatforms) = preSolution
		Debug|Any CPU = Debug|Any CPU
		Release|Any CPU = Release|Any CPU
	EndGlobalSection
	GlobalSection(ProjectConfigurationPlatforms) = postSolution
		{23A3DE38-0A87-4380-967A-6B6573347960}.Debug|Any CPU.ActiveCfg = Debug|Any CPU
		{23A3DE38-0A87-4380-967A-6B6573347960}.Debug|Any CPU.Build.0 = Debug|Any CPU
		{23A3DE38-0A87-4380-967A-6B6573347960}.Release|Any CPU.ActiveCfg = Release|Any CPU
		{23A3DE38-0A87-4380-967A-6B6573347960}.Release|Any CPU.Build.0 = Release|Any CPU
	EndGlobalSection
EndGlobal
